# This file is @generated by PDM.
# It is not intended for manual editing.

[metadata]
groups = ["default"]
strategy = ["inherit_metadata"]
lock_version = "4.5.0"
content_hash = "sha256:376f3716370858ac9740abc19bff91cac5b75118ea845a1e10235c4648142696"

[[metadata.targets]]
requires_python = ">=3.12"

[[package]]
name = "pyparsing"
version = "3.2.0"
requires_python = ">=3.9"
summary = "pyparsing module - Classes and methods to define and execute parsing grammars"
groups = ["default"]
files = [
    {file = "pyparsing-3.2.0-py3-none-any.whl", hash = "sha256:93d9577b88da0bbea8cc8334ee8b918ed014968fd2ec383e868fb8afb1ccef84"},
    {file = "pyparsing-3.2.0.tar.gz", hash = "sha256:cbf74e27246d595d9a74b186b810f6fbb86726dbf3b9532efb343f6d7294fe9c"},
]

[[package]]
name = "tree-sitter"
version = "0.23.2"
requires_python = ">=3.9"
summary = "Python bindings to the Tree-sitter parsing library"
groups = ["default"]
files = [
    {file = "tree-sitter-0.23.2.tar.gz", hash = "sha256:66bae8dd47f1fed7bdef816115146d3a41c39b5c482d7bad36d9ba1def088450"},
    {file = "tree_sitter-0.23.2-cp312-cp312-macosx_10_13_x86_64.whl", hash = "sha256:a014498b6a9e6003fae8c6eb72f5927d62da9dcb72b28b3ce8cd15c6ff6a6572"},
    {file = "tree_sitter-0.23.2-cp312-cp312-macosx_11_0_arm64.whl", hash = "sha256:04f8699b131d4bcbe3805c37e4ef3d159ee9a82a0e700587625623999ba0ea53"},
    {file = "tree_sitter-0.23.2-cp312-cp312-manylinux_2_17_aarch64.manylinux2014_aarch64.whl", hash = "sha256:4471577df285059c71686ecb208bc50fb472099b38dcc8e849b0e86652891e87"},
    {file = "tree_sitter-0.23.2-cp312-cp312-manylinux_2_17_x86_64.manylinux2014_x86_64.whl", hash = "sha256:f342c925290dd4e20ecd5787ef7ae8749981597ab364783a1eb73173efe65226"},
    {file = "tree_sitter-0.23.2-cp312-cp312-musllinux_1_2_aarch64.whl", hash = "sha256:a4e9e53d07dd076bede72e4f7d3a0173d7b9ad6576572dd86da008a740a9bb22"},
    {file = "tree_sitter-0.23.2-cp312-cp312-musllinux_1_2_x86_64.whl", hash = "sha256:8caebe65bc358759dac2500d8f8feed3aed939c4ade9a684a1783fe07bc7d5db"},
    {file = "tree_sitter-0.23.2-cp312-cp312-win_amd64.whl", hash = "sha256:fc5a72eb50d43485000dbbb309acb350467b7467e66dc747c6bb82ce63041582"},
    {file = "tree_sitter-0.23.2-cp312-cp312-win_arm64.whl", hash = "sha256:a0320eb6c7993359c5f7b371d22719ccd273f440d41cf1bd65dac5e9587f2046"},
    {file = "tree_sitter-0.23.2-cp313-cp313-macosx_10_13_x86_64.whl", hash = "sha256:eff630dddee7ba05accb439b17e559e15ce13f057297007c246237ceb6306332"},
    {file = "tree_sitter-0.23.2-cp313-cp313-macosx_11_0_arm64.whl", hash = "sha256:4780ba8f3894f2dea869fad2995c2aceab3fd5ab9e6a27c45475d2acd7f7e84e"},
    {file = "tree_sitter-0.23.2-cp313-cp313-manylinux_2_17_aarch64.manylinux2014_aarch64.whl", hash = "sha256:f0b609460b8e3e256361fb12e94fae5b728cb835b16f0f9d590b5aadbf9d109b"},
    {file = "tree_sitter-0.23.2-cp313-cp313-manylinux_2_17_x86_64.manylinux2014_x86_64.whl", hash = "sha256:78d070d8eaeaeb36cf535f55e5578fddbfc3bf53c1980f58bf1a99d57466b3b5"},
    {file = "tree_sitter-0.23.2-cp313-cp313-musllinux_1_2_aarch64.whl", hash = "sha256:878580b2ad5054c410ba3418edca4d34c81cc26706114d8f5b5541688bc2d785"},
    {file = "tree_sitter-0.23.2-cp313-cp313-musllinux_1_2_x86_64.whl", hash = "sha256:29224bdc2a3b9af535b7725e249d3ee291b2e90708e82832e73acc175e40dc48"},
    {file = "tree_sitter-0.23.2-cp313-cp313-win_amd64.whl", hash = "sha256:c58d89348162fbc3aea1fe6511a66ee189fc0e4e4bbe937026f29e4ecef17763"},
    {file = "tree_sitter-0.23.2-cp313-cp313-win_arm64.whl", hash = "sha256:0ff2037be5edab7801de3f6a721b9cf010853f612e2008ee454e0e0badb225a6"},
]

[[package]]
name = "tree-sitter-c"
version = "0.23.2"
requires_python = ">=3.9"
summary = "C grammar for tree-sitter"
groups = ["default"]
files = [
    {file = "tree_sitter_c-0.23.2-cp39-abi3-macosx_10_9_x86_64.whl", hash = "sha256:0e8c60630a34e6fa0680b10df984c6f9dd48a5ef0ea8a564d3c5f0e0345d4489"},
    {file = "tree_sitter_c-0.23.2-cp39-abi3-macosx_11_0_arm64.whl", hash = "sha256:ffcaab20e65a4d29a635c978b22a12e4d8ffe9dc5adc35860e3982a929e6c438"},
    {file = "tree_sitter_c-0.23.2-cp39-abi3-manylinux_2_17_aarch64.manylinux2014_aarch64.whl", hash = "sha256:b40205ef5919d32083ad7eea13882c7f8bc85281c1a6672ed2b3543f18b7aad6"},
    {file = "tree_sitter_c-0.23.2-cp39-abi3-manylinux_2_5_x86_64.manylinux1_x86_64.manylinux_2_17_x86_64.manylinux2014_x86_64.whl", hash = "sha256:47ba5b66cfab7f38549d571170069ef2d877e9468177fa5bea9b5fe1fd52badc"},
    {file = "tree_sitter_c-0.23.2-cp39-abi3-musllinux_1_2_x86_64.whl", hash = "sha256:926c6da41f3943a08eebf96d1d3bc71c9c0181a2c72d859a4e52f49ace691ff1"},
    {file = "tree_sitter_c-0.23.2-cp39-abi3-win_amd64.whl", hash = "sha256:82167c253832e23e47413fbb06d572d53494b4d134e20eee372551da8fa4e931"},
    {file = "tree_sitter_c-0.23.2-cp39-abi3-win_arm64.whl", hash = "sha256:5a5d54b27665f6596e6c10c6b2c7bc4c181428e3a235ccfe4e9237e27751c5c9"},
    {file = "tree_sitter_c-0.23.2.tar.gz", hash = "sha256:ef7ecc95c170747aceccf13ae0e37e101f9ba25a639729be0f70222f2a02f99c"},
]
